{
  "name": "oop",
  "version": "1.0.0",
  "description": "Project to study about OOP",
  "main": "src/main.js",
  "type": "module",
  "jest": {
    "transform": {
      "^.+\\.js$": "babel-jest"
    },
    "testEnvironment": "node"
  },
  "scripts": {
    "start": "node src/main.js",
    "test": "jest"
  },
  "repository": {
    "type": "git",
    "url": "git+https://github.com/TatianaFischer/oop.git"
  },
  "author": "Tati Fischer",
  "license": "MIT",
  "bugs": {
    "url": "https://github.com/TatianaFischer/oop/issues"
  },
  "homepage": "https://github.com/TatianaFischer/oop#readme",
  "devDependencies": {
    "jest": "^29.7.0",
    "babel-jest": "^27.4.6",
    "@babel/core": "^7.16.12",
    "@babel/preset-env": "^7.16.11"
  }
}
